
Microsoft Visual Studio Solution File, Format Version 12.00
# Visual Studio Version 16
VisualStudioVersion = 16.0.31702.278
MinimumVisualStudioVersion = 10.0.40219.1
Project("{9A19103F-16F7-4668-BE54-9A1E7A4F7556}") = "KampIntro", "KampIntro\KampIntro.csproj", "{A7FB6C74-F4BA-43A9-A183-683B8482C327}"
EndProject
Project("{9A19103F-16F7-4668-BE54-9A1E7A4F7556}") = "Donguler", "Donguler\Donguler.csproj", "{9CD34CBA-ABAA-4312-8501-C999860BFF1E}"
EndProject
Project("{9A19103F-16F7-4668-BE54-9A1E7A4F7556}") = "ClassIntro", "ClassIntro\ClassIntro.csproj", "{75953010-7389-4108-878B-EDC14E1B04D1}"
EndProject
Project("{FAE04EC0-301F-11D3-BF4B-00C04F79EFBC}") = "OdevUrunListesi", "OdevUrunListesi\OdevUrunListesi.csproj", "{33B56BF7-933F-4018-A05F-C53A33B89B64}"
EndProject
Global
	GlobalSection(SolutionConfigurationPlatforms) = preSolution
		Debug|Any CPU = Debug|Any CPU
		Release|Any CPU = Release|Any CPU
	EndGlobalSection
	GlobalSection(ProjectConfigurationPlatforms) = postSolution
		{A7FB6C74-F4BA-43A9-A183-683B8482C327}.Debug|Any CPU.ActiveCfg = Debug|Any CPU
		{A7FB6C74-F4BA-43A9-A183-683B8482C327}.Debug|Any CPU.Build.0 = Debug|Any CPU
		{A7FB6C74-F4BA-43A9-A183-683B8482C327}.Release|Any CPU.ActiveCfg = Release|Any CPU
		{A7FB6C74-F4BA-43A9-A183-683B8482C327}.Release|Any CPU.Build.0 = Release|Any CPU
		{9CD34CBA-ABAA-4312-8501-C999860BFF1E}.Debug|Any CPU.ActiveCfg = Debug|Any CPU
		{9CD34CBA-ABAA-4312-8501-C999860BFF1E}.Debug|Any CPU.Build.0 = Debug|Any CPU
		{9CD34CBA-ABAA-4312-8501-C999860BFF1E}.Release|Any CPU.ActiveCfg = Release|Any CPU
		{9CD34CBA-ABAA-4312-8501-C999860BFF1E}.Release|Any CPU.Build.0 = Release|Any CPU
		{75953010-7389-4108-878B-EDC14E1B04D1}.Debug|Any CPU.ActiveCfg = Debug|Any CPU
		{75953010-7389-4108-878B-EDC14E1B04D1}.Debug|Any CPU.Build.0 = Debug|Any CPU
		{75953010-7389-4108-878B-EDC14E1B04D1}.Release|Any CPU.ActiveCfg = Release|Any CPU
		{75953010-7389-4108-878B-EDC14E1B04D1}.Release|Any CPU.Build.0 = Release|Any CPU
		{33B56BF7-933F-4018-A05F-C53A33B89B64}.Debug|Any CPU.ActiveCfg = Debug|Any CPU
		{33B56BF7-933F-4018-A05F-C53A33B89B64}.Debug|Any CPU.Build.0 = Debug|Any CPU
		{33B56BF7-933F-4018-A05F-C53A33B89B64}.Release|Any CPU.ActiveCfg = Release|Any CPU
		{33B56BF7-933F-4018-A05F-C53A33B89B64}.Release|Any CPU.Build.0 = Release|Any CPU
	EndGlobalSection
	GlobalSection(SolutionProperties) = preSolution
		HideSolutionNode = FALSE
	EndGlobalSection
	GlobalSection(ExtensibilityGlobals) = postSolution
		SolutionGuid = {850C1B64-D17A-408E-A889-958805F65F16}
	EndGlobalSection
EndGlobal
